
Microsoft Visual Studio Solution File, Format Version 12.00
# Visual Studio Version 17
VisualStudioVersion = 17.0.31903.59
MinimumVisualStudioVersion = 10.0.40219.1
Project("{2150E333-8FDC-42A3-9474-1A3956D46DE8}") = "Services", "Services", "{050B4EF0-8E06-435F-942D-C5D1C0E7CED0}"
EndProject
Project("{2150E333-8FDC-42A3-9474-1A3956D46DE8}") = "IdentityService", "IdentityService", "{33786B3C-795F-428E-B456-3AF64DD73A0B}"
EndProject
Project("{2150E333-8FDC-42A3-9474-1A3956D46DE8}") = "EventService", "EventService", "{02EA681E-C7D8-13C7-8484-4AC65E1B71E8}"
EndProject
Project("{FAE04EC0-301F-11D3-BF4B-00C04F79EFBC}") = "WildNights.EventService.Api", "Services\EventService\WildNights.EventService.Api\WildNights.EventService.Api.csproj", "{5B605867-1E4F-4778-BF8E-C56111345130}"
EndProject
Project("{FAE04EC0-301F-11D3-BF4B-00C04F79EFBC}") = "WildNights.EventService.Application", "Services\EventService\WildNights.EventService.Application\WildNights.EventService.Application.csproj", "{C9B9C233-DBBF-43E5-AB76-9A5C0C95301B}"
EndProject
Project("{FAE04EC0-301F-11D3-BF4B-00C04F79EFBC}") = "WildNights.EventService.Infrastructure", "Services\EventService\WildNights.EventService.Infrastructure\WildNights.EventService.Infrastructure.csproj", "{2F63714F-6AD5-46CD-B684-75A3B727ACD7}"
EndProject
Project("{FAE04EC0-301F-11D3-BF4B-00C04F79EFBC}") = "WildNights.EventService.Domain", "Services\EventService\WildNights.EventService.Domain\WildNights.EventService.Domain.csproj", "{837A346D-5605-4D33-A219-4657720E24E5}"
EndProject
Project("{FAE04EC0-301F-11D3-BF4B-00C04F79EFBC}") = "WildNights.EventService.Contracts", "Services\EventService\WildNights.EventService.Contracts\WildNights.EventService.Contracts.csproj", "{01DB1808-BD3C-41B4-B194-1DF6C73E7920}"
EndProject
Project("{FAE04EC0-301F-11D3-BF4B-00C04F79EFBC}") = "WildNights.IdentityService.Api", "Services\IdentityService\WildNights.IdentityService.Api\WildNights.IdentityService.Api.csproj", "{037FEB27-60EE-4757-9322-303DDD97B8F0}"
EndProject
Project("{FAE04EC0-301F-11D3-BF4B-00C04F79EFBC}") = "WildNights.IdentityService.Application", "Services\IdentityService\WildNights.IdentityService.Application\WildNights.IdentityService.Application.csproj", "{E34DD837-D310-44BF-A13E-6E9A4F894583}"
EndProject
Project("{FAE04EC0-301F-11D3-BF4B-00C04F79EFBC}") = "WildNights.IdentityService.Contracts", "Services\IdentityService\WildNights.IdentityService.Contracts\WildNights.IdentityService.Contracts.csproj", "{8E855538-C550-4A07-9A43-1B71260DAB9E}"
EndProject
Project("{FAE04EC0-301F-11D3-BF4B-00C04F79EFBC}") = "WildNights.IdentityService.Domain", "Services\IdentityService\WildNights.IdentityService.Domain\WildNights.IdentityService.Domain.csproj", "{46C77AD4-FB04-446D-8AC4-962E26C8A9CD}"
EndProject
Project("{FAE04EC0-301F-11D3-BF4B-00C04F79EFBC}") = "WildNights.IdentityService.Infrastructure", "Services\IdentityService\WildNights.IdentityService.Infrastructure\WildNights.IdentityService.Infrastructure.csproj", "{B4DF0EA6-8858-4F8C-B28D-F51FEE84FB85}"
EndProject
Global
	GlobalSection(SolutionConfigurationPlatforms) = preSolution
		Debug|Any CPU = Debug|Any CPU
		Debug|x64 = Debug|x64
		Debug|x86 = Debug|x86
		Release|Any CPU = Release|Any CPU
		Release|x64 = Release|x64
		Release|x86 = Release|x86
	EndGlobalSection
	GlobalSection(ProjectConfigurationPlatforms) = postSolution
		{5B605867-1E4F-4778-BF8E-C56111345130}.Debug|Any CPU.ActiveCfg = Debug|Any CPU
		{5B605867-1E4F-4778-BF8E-C56111345130}.Debug|Any CPU.Build.0 = Debug|Any CPU
		{5B605867-1E4F-4778-BF8E-C56111345130}.Debug|x64.ActiveCfg = Debug|Any CPU
		{5B605867-1E4F-4778-BF8E-C56111345130}.Debug|x64.Build.0 = Debug|Any CPU
		{5B605867-1E4F-4778-BF8E-C56111345130}.Debug|x86.ActiveCfg = Debug|Any CPU
		{5B605867-1E4F-4778-BF8E-C56111345130}.Debug|x86.Build.0 = Debug|Any CPU
		{5B605867-1E4F-4778-BF8E-C56111345130}.Release|Any CPU.ActiveCfg = Release|Any CPU
		{5B605867-1E4F-4778-BF8E-C56111345130}.Release|Any CPU.Build.0 = Release|Any CPU
		{5B605867-1E4F-4778-BF8E-C56111345130}.Release|x64.ActiveCfg = Release|Any CPU
		{5B605867-1E4F-4778-BF8E-C56111345130}.Release|x64.Build.0 = Release|Any CPU
		{5B605867-1E4F-4778-BF8E-C56111345130}.Release|x86.ActiveCfg = Release|Any CPU
		{5B605867-1E4F-4778-BF8E-C56111345130}.Release|x86.Build.0 = Release|Any CPU
		{C9B9C233-DBBF-43E5-AB76-9A5C0C95301B}.Debug|Any CPU.ActiveCfg = Debug|Any CPU
		{C9B9C233-DBBF-43E5-AB76-9A5C0C95301B}.Debug|Any CPU.Build.0 = Debug|Any CPU
		{C9B9C233-DBBF-43E5-AB76-9A5C0C95301B}.Debug|x64.ActiveCfg = Debug|Any CPU
		{C9B9C233-DBBF-43E5-AB76-9A5C0C95301B}.Debug|x64.Build.0 = Debug|Any CPU
		{C9B9C233-DBBF-43E5-AB76-9A5C0C95301B}.Debug|x86.ActiveCfg = Debug|Any CPU
		{C9B9C233-DBBF-43E5-AB76-9A5C0C95301B}.Debug|x86.Build.0 = Debug|Any CPU
		{C9B9C233-DBBF-43E5-AB76-9A5C0C95301B}.Release|Any CPU.ActiveCfg = Release|Any CPU
		{C9B9C233-DBBF-43E5-AB76-9A5C0C95301B}.Release|Any CPU.Build.0 = Release|Any CPU
		{C9B9C233-DBBF-43E5-AB76-9A5C0C95301B}.Release|x64.ActiveCfg = Release|Any CPU
		{C9B9C233-DBBF-43E5-AB76-9A5C0C95301B}.Release|x64.Build.0 = Release|Any CPU
		{C9B9C233-DBBF-43E5-AB76-9A5C0C95301B}.Release|x86.ActiveCfg = Release|Any CPU
		{C9B9C233-DBBF-43E5-AB76-9A5C0C95301B}.Release|x86.Build.0 = Release|Any CPU
		{2F63714F-6AD5-46CD-B684-75A3B727ACD7}.Debug|Any CPU.ActiveCfg = Debug|Any CPU
		{2F63714F-6AD5-46CD-B684-75A3B727ACD7}.Debug|Any CPU.Build.0 = Debug|Any CPU
		{2F63714F-6AD5-46CD-B684-75A3B727ACD7}.Debug|x64.ActiveCfg = Debug|Any CPU
		{2F63714F-6AD5-46CD-B684-75A3B727ACD7}.Debug|x64.Build.0 = Debug|Any CPU
		{2F63714F-6AD5-46CD-B684-75A3B727ACD7}.Debug|x86.ActiveCfg = Debug|Any CPU
		{2F63714F-6AD5-46CD-B684-75A3B727ACD7}.Debug|x86.Build.0 = Debug|Any CPU
		{2F63714F-6AD5-46CD-B684-75A3B727ACD7}.Release|Any CPU.ActiveCfg = Release|Any CPU
		{2F63714F-6AD5-46CD-B684-75A3B727ACD7}.Release|Any CPU.Build.0 = Release|Any CPU
		{2F63714F-6AD5-46CD-B684-75A3B727ACD7}.Release|x64.ActiveCfg = Release|Any CPU
		{2F63714F-6AD5-46CD-B684-75A3B727ACD7}.Release|x64.Build.0 = Release|Any CPU
		{2F63714F-6AD5-46CD-B684-75A3B727ACD7}.Release|x86.ActiveCfg = Release|Any CPU
		{2F63714F-6AD5-46CD-B684-75A3B727ACD7}.Release|x86.Build.0 = Release|Any CPU
		{837A346D-5605-4D33-A219-4657720E24E5}.Debug|Any CPU.ActiveCfg = Debug|Any CPU
		{837A346D-5605-4D33-A219-4657720E24E5}.Debug|Any CPU.Build.0 = Debug|Any CPU
		{837A346D-5605-4D33-A219-4657720E24E5}.Debug|x64.ActiveCfg = Debug|Any CPU
		{837A346D-5605-4D33-A219-4657720E24E5}.Debug|x64.Build.0 = Debug|Any CPU
		{837A346D-5605-4D33-A219-4657720E24E5}.Debug|x86.ActiveCfg = Debug|Any CPU
		{837A346D-5605-4D33-A219-4657720E24E5}.Debug|x86.Build.0 = Debug|Any CPU
		{837A346D-5605-4D33-A219-4657720E24E5}.Release|Any CPU.ActiveCfg = Release|Any CPU
		{837A346D-5605-4D33-A219-4657720E24E5}.Release|Any CPU.Build.0 = Release|Any CPU
		{837A346D-5605-4D33-A219-4657720E24E5}.Release|x64.ActiveCfg = Release|Any CPU
		{837A346D-5605-4D33-A219-4657720E24E5}.Release|x64.Build.0 = Release|Any CPU
		{837A346D-5605-4D33-A219-4657720E24E5}.Release|x86.ActiveCfg = Release|Any CPU
		{837A346D-5605-4D33-A219-4657720E24E5}.Release|x86.Build.0 = Release|Any CPU
		{01DB1808-BD3C-41B4-B194-1DF6C73E7920}.Debug|Any CPU.ActiveCfg = Debug|Any CPU
		{01DB1808-BD3C-41B4-B194-1DF6C73E7920}.Debug|Any CPU.Build.0 = Debug|Any CPU
		{01DB1808-BD3C-41B4-B194-1DF6C73E7920}.Debug|x64.ActiveCfg = Debug|Any CPU
		{01DB1808-BD3C-41B4-B194-1DF6C73E7920}.Debug|x64.Build.0 = Debug|Any CPU
		{01DB1808-BD3C-41B4-B194-1DF6C73E7920}.Debug|x86.ActiveCfg = Debug|Any CPU
		{01DB1808-BD3C-41B4-B194-1DF6C73E7920}.Debug|x86.Build.0 = Debug|Any CPU
		{01DB1808-BD3C-41B4-B194-1DF6C73E7920}.Release|Any CPU.ActiveCfg = Release|Any CPU
		{01DB1808-BD3C-41B4-B194-1DF6C73E7920}.Release|Any CPU.Build.0 = Release|Any CPU
		{01DB1808-BD3C-41B4-B194-1DF6C73E7920}.Release|x64.ActiveCfg = Release|Any CPU
		{01DB1808-BD3C-41B4-B194-1DF6C73E7920}.Release|x64.Build.0 = Release|Any CPU
		{01DB1808-BD3C-41B4-B194-1DF6C73E7920}.Release|x86.ActiveCfg = Release|Any CPU
		{01DB1808-BD3C-41B4-B194-1DF6C73E7920}.Release|x86.Build.0 = Release|Any CPU
		{037FEB27-60EE-4757-9322-303DDD97B8F0}.Debug|Any CPU.ActiveCfg = Debug|Any CPU
		{037FEB27-60EE-4757-9322-303DDD97B8F0}.Debug|Any CPU.Build.0 = Debug|Any CPU
		{037FEB27-60EE-4757-9322-303DDD97B8F0}.Debug|x64.ActiveCfg = Debug|Any CPU
		{037FEB27-60EE-4757-9322-303DDD97B8F0}.Debug|x64.Build.0 = Debug|Any CPU
		{037FEB27-60EE-4757-9322-303DDD97B8F0}.Debug|x86.ActiveCfg = Debug|Any CPU
		{037FEB27-60EE-4757-9322-303DDD97B8F0}.Debug|x86.Build.0 = Debug|Any CPU
		{037FEB27-60EE-4757-9322-303DDD97B8F0}.Release|Any CPU.ActiveCfg = Release|Any CPU
		{037FEB27-60EE-4757-9322-303DDD97B8F0}.Release|Any CPU.Build.0 = Release|Any CPU
		{037FEB27-60EE-4757-9322-303DDD97B8F0}.Release|x64.ActiveCfg = Release|Any CPU
		{037FEB27-60EE-4757-9322-303DDD97B8F0}.Release|x64.Build.0 = Release|Any CPU
		{037FEB27-60EE-4757-9322-303DDD97B8F0}.Release|x86.ActiveCfg = Release|Any CPU
		{037FEB27-60EE-4757-9322-303DDD97B8F0}.Release|x86.Build.0 = Release|Any CPU
		{E34DD837-D310-44BF-A13E-6E9A4F894583}.Debug|Any CPU.ActiveCfg = Debug|Any CPU
		{E34DD837-D310-44BF-A13E-6E9A4F894583}.Debug|Any CPU.Build.0 = Debug|Any CPU
		{E34DD837-D310-44BF-A13E-6E9A4F894583}.Debug|x64.ActiveCfg = Debug|Any CPU
		{E34DD837-D310-44BF-A13E-6E9A4F894583}.Debug|x64.Build.0 = Debug|Any CPU
		{E34DD837-D310-44BF-A13E-6E9A4F894583}.Debug|x86.ActiveCfg = Debug|Any CPU
		{E34DD837-D310-44BF-A13E-6E9A4F894583}.Debug|x86.Build.0 = Debug|Any CPU
		{E34DD837-D310-44BF-A13E-6E9A4F894583}.Release|Any CPU.ActiveCfg = Release|Any CPU
		{E34DD837-D310-44BF-A13E-6E9A4F894583}.Release|Any CPU.Build.0 = Release|Any CPU
		{E34DD837-D310-44BF-A13E-6E9A4F894583}.Release|x64.ActiveCfg = Release|Any CPU
		{E34DD837-D310-44BF-A13E-6E9A4F894583}.Release|x64.Build.0 = Release|Any CPU
		{E34DD837-D310-44BF-A13E-6E9A4F894583}.Release|x86.ActiveCfg = Release|Any CPU
		{E34DD837-D310-44BF-A13E-6E9A4F894583}.Release|x86.Build.0 = Release|Any CPU
		{8E855538-C550-4A07-9A43-1B71260DAB9E}.Debug|Any CPU.ActiveCfg = Debug|Any CPU
		{8E855538-C550-4A07-9A43-1B71260DAB9E}.Debug|Any CPU.Build.0 = Debug|Any CPU
		{8E855538-C550-4A07-9A43-1B71260DAB9E}.Debug|x64.ActiveCfg = Debug|Any CPU
		{8E855538-C550-4A07-9A43-1B71260DAB9E}.Debug|x64.Build.0 = Debug|Any CPU
		{8E855538-C550-4A07-9A43-1B71260DAB9E}.Debug|x86.ActiveCfg = Debug|Any CPU
		{8E855538-C550-4A07-9A43-1B71260DAB9E}.Debug|x86.Build.0 = Debug|Any CPU
		{8E855538-C550-4A07-9A43-1B71260DAB9E}.Release|Any CPU.ActiveCfg = Release|Any CPU
		{8E855538-C550-4A07-9A43-1B71260DAB9E}.Release|Any CPU.Build.0 = Release|Any CPU
		{8E855538-C550-4A07-9A43-1B71260DAB9E}.Release|x64.ActiveCfg = Release|Any CPU
		{8E855538-C550-4A07-9A43-1B71260DAB9E}.Release|x64.Build.0 = Release|Any CPU
		{8E855538-C550-4A07-9A43-1B71260DAB9E}.Release|x86.ActiveCfg = Release|Any CPU
		{8E855538-C550-4A07-9A43-1B71260DAB9E}.Release|x86.Build.0 = Release|Any CPU
		{46C77AD4-FB04-446D-8AC4-962E26C8A9CD}.Debug|Any CPU.ActiveCfg = Debug|Any CPU
		{46C77AD4-FB04-446D-8AC4-962E26C8A9CD}.Debug|Any CPU.Build.0 = Debug|Any CPU
		{46C77AD4-FB04-446D-8AC4-962E26C8A9CD}.Debug|x64.ActiveCfg = Debug|Any CPU
		{46C77AD4-FB04-446D-8AC4-962E26C8A9CD}.Debug|x64.Build.0 = Debug|Any CPU
		{46C77AD4-FB04-446D-8AC4-962E26C8A9CD}.Debug|x86.ActiveCfg = Debug|Any CPU
		{46C77AD4-FB04-446D-8AC4-962E26C8A9CD}.Debug|x86.Build.0 = Debug|Any CPU
		{46C77AD4-FB04-446D-8AC4-962E26C8A9CD}.Release|Any CPU.ActiveCfg = Release|Any CPU
		{46C77AD4-FB04-446D-8AC4-962E26C8A9CD}.Release|Any CPU.Build.0 = Release|Any CPU
		{46C77AD4-FB04-446D-8AC4-962E26C8A9CD}.Release|x64.ActiveCfg = Release|Any CPU
		{46C77AD4-FB04-446D-8AC4-962E26C8A9CD}.Release|x64.Build.0 = Release|Any CPU
		{46C77AD4-FB04-446D-8AC4-962E26C8A9CD}.Release|x86.ActiveCfg = Release|Any CPU
		{46C77AD4-FB04-446D-8AC4-962E26C8A9CD}.Release|x86.Build.0 = Release|Any CPU
		{B4DF0EA6-8858-4F8C-B28D-F51FEE84FB85}.Debug|Any CPU.ActiveCfg = Debug|Any CPU
		{B4DF0EA6-8858-4F8C-B28D-F51FEE84FB85}.Debug|Any CPU.Build.0 = Debug|Any CPU
		{B4DF0EA6-8858-4F8C-B28D-F51FEE84FB85}.Debug|x64.ActiveCfg = Debug|Any CPU
		{B4DF0EA6-8858-4F8C-B28D-F51FEE84FB85}.Debug|x64.Build.0 = Debug|Any CPU
		{B4DF0EA6-8858-4F8C-B28D-F51FEE84FB85}.Debug|x86.ActiveCfg = Debug|Any CPU
		{B4DF0EA6-8858-4F8C-B28D-F51FEE84FB85}.Debug|x86.Build.0 = Debug|Any CPU
		{B4DF0EA6-8858-4F8C-B28D-F51FEE84FB85}.Release|Any CPU.ActiveCfg = Release|Any CPU
		{B4DF0EA6-8858-4F8C-B28D-F51FEE84FB85}.Release|Any CPU.Build.0 = Release|Any CPU
		{B4DF0EA6-8858-4F8C-B28D-F51FEE84FB85}.Release|x64.ActiveCfg = Release|Any CPU
		{B4DF0EA6-8858-4F8C-B28D-F51FEE84FB85}.Release|x64.Build.0 = Release|Any CPU
		{B4DF0EA6-8858-4F8C-B28D-F51FEE84FB85}.Release|x86.ActiveCfg = Release|Any CPU
		{B4DF0EA6-8858-4F8C-B28D-F51FEE84FB85}.Release|x86.Build.0 = Release|Any CPU
	EndGlobalSection
	GlobalSection(SolutionProperties) = preSolution
		HideSolutionNode = FALSE
	EndGlobalSection
	GlobalSection(NestedProjects) = preSolution
		{33786B3C-795F-428E-B456-3AF64DD73A0B} = {050B4EF0-8E06-435F-942D-C5D1C0E7CED0}
		{02EA681E-C7D8-13C7-8484-4AC65E1B71E8} = {050B4EF0-8E06-435F-942D-C5D1C0E7CED0}
		{5B605867-1E4F-4778-BF8E-C56111345130} = {02EA681E-C7D8-13C7-8484-4AC65E1B71E8}
		{C9B9C233-DBBF-43E5-AB76-9A5C0C95301B} = {02EA681E-C7D8-13C7-8484-4AC65E1B71E8}
		{2F63714F-6AD5-46CD-B684-75A3B727ACD7} = {02EA681E-C7D8-13C7-8484-4AC65E1B71E8}
		{837A346D-5605-4D33-A219-4657720E24E5} = {02EA681E-C7D8-13C7-8484-4AC65E1B71E8}
		{01DB1808-BD3C-41B4-B194-1DF6C73E7920} = {02EA681E-C7D8-13C7-8484-4AC65E1B71E8}
		{037FEB27-60EE-4757-9322-303DDD97B8F0} = {33786B3C-795F-428E-B456-3AF64DD73A0B}
		{E34DD837-D310-44BF-A13E-6E9A4F894583} = {33786B3C-795F-428E-B456-3AF64DD73A0B}
		{8E855538-C550-4A07-9A43-1B71260DAB9E} = {33786B3C-795F-428E-B456-3AF64DD73A0B}
		{46C77AD4-FB04-446D-8AC4-962E26C8A9CD} = {33786B3C-795F-428E-B456-3AF64DD73A0B}
		{B4DF0EA6-8858-4F8C-B28D-F51FEE84FB85} = {33786B3C-795F-428E-B456-3AF64DD73A0B}
	EndGlobalSection
	GlobalSection(ExtensibilityGlobals) = postSolution
		SolutionGuid = {BC556AF7-CD7C-4769-9EB1-E73C5500F351}
	EndGlobalSection
EndGlobal
