
Microsoft Visual Studio Solution File, Format Version 12.00
# Visual Studio Version 17
VisualStudioVersion = 17.0.31903.59
MinimumVisualStudioVersion = 10.0.40219.1
Project("{2150E333-8FDC-42A3-9474-1A3956D46DE8}") = "Services", "Services", "{050B4EF0-8E06-435F-942D-C5D1C0E7CED0}"
EndProject
Project("{2150E333-8FDC-42A3-9474-1A3956D46DE8}") = "UserService", "UserService", "{33786B3C-795F-428E-B456-3AF64DD73A0B}"
EndProject
Project("{FAE04EC0-301F-11D3-BF4B-00C04F79EFBC}") = "WildNights.UserService.Api", "Services\UserService\WildNights.UserService.Api\WildNights.UserService.Api.csproj", "{5FEF857D-922E-4077-A8D2-4B291F979348}"
EndProject
Project("{FAE04EC0-301F-11D3-BF4B-00C04F79EFBC}") = "WildNights.UserService.Application", "Services\UserService\WildNights.UserService.Application\WildNights.UserService.Application.csproj", "{BA283855-EB60-4024-8AE1-8DE7783964BB}"
EndProject
Project("{FAE04EC0-301F-11D3-BF4B-00C04F79EFBC}") = "WildNights.UserService.Contracts", "Services\UserService\WildNights.UserService.Contracts\WildNights.UserService.Contracts.csproj", "{986FE6A4-2BBB-4876-BF1B-CF8BE2314BA5}"
EndProject
Project("{FAE04EC0-301F-11D3-BF4B-00C04F79EFBC}") = "WildNights.UserService.Domain", "Services\UserService\WildNights.UserService.Domain\WildNights.UserService.Domain.csproj", "{5F02816A-8216-4FD6-84E2-EE718BF1D6E5}"
EndProject
Project("{FAE04EC0-301F-11D3-BF4B-00C04F79EFBC}") = "WildNights.UserService.Infrastructure", "Services\UserService\WildNights.UserService.Infrastructure\WildNights.UserService.Infrastructure.csproj", "{9452D4FA-5B7C-472C-8C32-54FE2CE3C092}"
EndProject
Project("{2150E333-8FDC-42A3-9474-1A3956D46DE8}") = "EventService", "EventService", "{02EA681E-C7D8-13C7-8484-4AC65E1B71E8}"
EndProject
Project("{FAE04EC0-301F-11D3-BF4B-00C04F79EFBC}") = "WildNights.EventService.Api", "Services\EventService\WildNights.EventService.Api\WildNights.EventService.Api.csproj", "{5B605867-1E4F-4778-BF8E-C56111345130}"
EndProject
Project("{FAE04EC0-301F-11D3-BF4B-00C04F79EFBC}") = "WildNights.EventService.Application", "Services\EventService\WildNights.EventService.Application\WildNights.EventService.Application.csproj", "{C9B9C233-DBBF-43E5-AB76-9A5C0C95301B}"
EndProject
Project("{FAE04EC0-301F-11D3-BF4B-00C04F79EFBC}") = "WildNights.EventService.Infrastructure", "Services\EventService\WildNights.EventService.Infrastructure\WildNights.EventService.Infrastructure.csproj", "{2F63714F-6AD5-46CD-B684-75A3B727ACD7}"
EndProject
Project("{FAE04EC0-301F-11D3-BF4B-00C04F79EFBC}") = "WildNights.EventService.Domain", "Services\EventService\WildNights.EventService.Domain\WildNights.EventService.Domain.csproj", "{837A346D-5605-4D33-A219-4657720E24E5}"
EndProject
Project("{FAE04EC0-301F-11D3-BF4B-00C04F79EFBC}") = "WildNights.EventService.Contracts", "Services\EventService\WildNights.EventService.Contracts\WildNights.EventService.Contracts.csproj", "{01DB1808-BD3C-41B4-B194-1DF6C73E7920}"
EndProject
Global
	GlobalSection(SolutionConfigurationPlatforms) = preSolution
		Debug|Any CPU = Debug|Any CPU
		Debug|x64 = Debug|x64
		Debug|x86 = Debug|x86
		Release|Any CPU = Release|Any CPU
		Release|x64 = Release|x64
		Release|x86 = Release|x86
	EndGlobalSection
	GlobalSection(ProjectConfigurationPlatforms) = postSolution
		{5FEF857D-922E-4077-A8D2-4B291F979348}.Debug|Any CPU.ActiveCfg = Debug|Any CPU
		{5FEF857D-922E-4077-A8D2-4B291F979348}.Debug|Any CPU.Build.0 = Debug|Any CPU
		{5FEF857D-922E-4077-A8D2-4B291F979348}.Debug|x64.ActiveCfg = Debug|Any CPU
		{5FEF857D-922E-4077-A8D2-4B291F979348}.Debug|x64.Build.0 = Debug|Any CPU
		{5FEF857D-922E-4077-A8D2-4B291F979348}.Debug|x86.ActiveCfg = Debug|Any CPU
		{5FEF857D-922E-4077-A8D2-4B291F979348}.Debug|x86.Build.0 = Debug|Any CPU
		{5FEF857D-922E-4077-A8D2-4B291F979348}.Release|Any CPU.ActiveCfg = Release|Any CPU
		{5FEF857D-922E-4077-A8D2-4B291F979348}.Release|Any CPU.Build.0 = Release|Any CPU
		{5FEF857D-922E-4077-A8D2-4B291F979348}.Release|x64.ActiveCfg = Release|Any CPU
		{5FEF857D-922E-4077-A8D2-4B291F979348}.Release|x64.Build.0 = Release|Any CPU
		{5FEF857D-922E-4077-A8D2-4B291F979348}.Release|x86.ActiveCfg = Release|Any CPU
		{5FEF857D-922E-4077-A8D2-4B291F979348}.Release|x86.Build.0 = Release|Any CPU
		{BA283855-EB60-4024-8AE1-8DE7783964BB}.Debug|Any CPU.ActiveCfg = Debug|Any CPU
		{BA283855-EB60-4024-8AE1-8DE7783964BB}.Debug|Any CPU.Build.0 = Debug|Any CPU
		{BA283855-EB60-4024-8AE1-8DE7783964BB}.Debug|x64.ActiveCfg = Debug|Any CPU
		{BA283855-EB60-4024-8AE1-8DE7783964BB}.Debug|x64.Build.0 = Debug|Any CPU
		{BA283855-EB60-4024-8AE1-8DE7783964BB}.Debug|x86.ActiveCfg = Debug|Any CPU
		{BA283855-EB60-4024-8AE1-8DE7783964BB}.Debug|x86.Build.0 = Debug|Any CPU
		{BA283855-EB60-4024-8AE1-8DE7783964BB}.Release|Any CPU.ActiveCfg = Release|Any CPU
		{BA283855-EB60-4024-8AE1-8DE7783964BB}.Release|Any CPU.Build.0 = Release|Any CPU
		{BA283855-EB60-4024-8AE1-8DE7783964BB}.Release|x64.ActiveCfg = Release|Any CPU
		{BA283855-EB60-4024-8AE1-8DE7783964BB}.Release|x64.Build.0 = Release|Any CPU
		{BA283855-EB60-4024-8AE1-8DE7783964BB}.Release|x86.ActiveCfg = Release|Any CPU
		{BA283855-EB60-4024-8AE1-8DE7783964BB}.Release|x86.Build.0 = Release|Any CPU
		{986FE6A4-2BBB-4876-BF1B-CF8BE2314BA5}.Debug|Any CPU.ActiveCfg = Debug|Any CPU
		{986FE6A4-2BBB-4876-BF1B-CF8BE2314BA5}.Debug|Any CPU.Build.0 = Debug|Any CPU
		{986FE6A4-2BBB-4876-BF1B-CF8BE2314BA5}.Debug|x64.ActiveCfg = Debug|Any CPU
		{986FE6A4-2BBB-4876-BF1B-CF8BE2314BA5}.Debug|x64.Build.0 = Debug|Any CPU
		{986FE6A4-2BBB-4876-BF1B-CF8BE2314BA5}.Debug|x86.ActiveCfg = Debug|Any CPU
		{986FE6A4-2BBB-4876-BF1B-CF8BE2314BA5}.Debug|x86.Build.0 = Debug|Any CPU
		{986FE6A4-2BBB-4876-BF1B-CF8BE2314BA5}.Release|Any CPU.ActiveCfg = Release|Any CPU
		{986FE6A4-2BBB-4876-BF1B-CF8BE2314BA5}.Release|Any CPU.Build.0 = Release|Any CPU
		{986FE6A4-2BBB-4876-BF1B-CF8BE2314BA5}.Release|x64.ActiveCfg = Release|Any CPU
		{986FE6A4-2BBB-4876-BF1B-CF8BE2314BA5}.Release|x64.Build.0 = Release|Any CPU
		{986FE6A4-2BBB-4876-BF1B-CF8BE2314BA5}.Release|x86.ActiveCfg = Release|Any CPU
		{986FE6A4-2BBB-4876-BF1B-CF8BE2314BA5}.Release|x86.Build.0 = Release|Any CPU
		{5F02816A-8216-4FD6-84E2-EE718BF1D6E5}.Debug|Any CPU.ActiveCfg = Debug|Any CPU
		{5F02816A-8216-4FD6-84E2-EE718BF1D6E5}.Debug|Any CPU.Build.0 = Debug|Any CPU
		{5F02816A-8216-4FD6-84E2-EE718BF1D6E5}.Debug|x64.ActiveCfg = Debug|Any CPU
		{5F02816A-8216-4FD6-84E2-EE718BF1D6E5}.Debug|x64.Build.0 = Debug|Any CPU
		{5F02816A-8216-4FD6-84E2-EE718BF1D6E5}.Debug|x86.ActiveCfg = Debug|Any CPU
		{5F02816A-8216-4FD6-84E2-EE718BF1D6E5}.Debug|x86.Build.0 = Debug|Any CPU
		{5F02816A-8216-4FD6-84E2-EE718BF1D6E5}.Release|Any CPU.ActiveCfg = Release|Any CPU
		{5F02816A-8216-4FD6-84E2-EE718BF1D6E5}.Release|Any CPU.Build.0 = Release|Any CPU
		{5F02816A-8216-4FD6-84E2-EE718BF1D6E5}.Release|x64.ActiveCfg = Release|Any CPU
		{5F02816A-8216-4FD6-84E2-EE718BF1D6E5}.Release|x64.Build.0 = Release|Any CPU
		{5F02816A-8216-4FD6-84E2-EE718BF1D6E5}.Release|x86.ActiveCfg = Release|Any CPU
		{5F02816A-8216-4FD6-84E2-EE718BF1D6E5}.Release|x86.Build.0 = Release|Any CPU
		{9452D4FA-5B7C-472C-8C32-54FE2CE3C092}.Debug|Any CPU.ActiveCfg = Debug|Any CPU
		{9452D4FA-5B7C-472C-8C32-54FE2CE3C092}.Debug|Any CPU.Build.0 = Debug|Any CPU
		{9452D4FA-5B7C-472C-8C32-54FE2CE3C092}.Debug|x64.ActiveCfg = Debug|Any CPU
		{9452D4FA-5B7C-472C-8C32-54FE2CE3C092}.Debug|x64.Build.0 = Debug|Any CPU
		{9452D4FA-5B7C-472C-8C32-54FE2CE3C092}.Debug|x86.ActiveCfg = Debug|Any CPU
		{9452D4FA-5B7C-472C-8C32-54FE2CE3C092}.Debug|x86.Build.0 = Debug|Any CPU
		{9452D4FA-5B7C-472C-8C32-54FE2CE3C092}.Release|Any CPU.ActiveCfg = Release|Any CPU
		{9452D4FA-5B7C-472C-8C32-54FE2CE3C092}.Release|Any CPU.Build.0 = Release|Any CPU
		{9452D4FA-5B7C-472C-8C32-54FE2CE3C092}.Release|x64.ActiveCfg = Release|Any CPU
		{9452D4FA-5B7C-472C-8C32-54FE2CE3C092}.Release|x64.Build.0 = Release|Any CPU
		{9452D4FA-5B7C-472C-8C32-54FE2CE3C092}.Release|x86.ActiveCfg = Release|Any CPU
		{9452D4FA-5B7C-472C-8C32-54FE2CE3C092}.Release|x86.Build.0 = Release|Any CPU
		{5B605867-1E4F-4778-BF8E-C56111345130}.Debug|Any CPU.ActiveCfg = Debug|Any CPU
		{5B605867-1E4F-4778-BF8E-C56111345130}.Debug|Any CPU.Build.0 = Debug|Any CPU
		{5B605867-1E4F-4778-BF8E-C56111345130}.Debug|x64.ActiveCfg = Debug|Any CPU
		{5B605867-1E4F-4778-BF8E-C56111345130}.Debug|x64.Build.0 = Debug|Any CPU
		{5B605867-1E4F-4778-BF8E-C56111345130}.Debug|x86.ActiveCfg = Debug|Any CPU
		{5B605867-1E4F-4778-BF8E-C56111345130}.Debug|x86.Build.0 = Debug|Any CPU
		{5B605867-1E4F-4778-BF8E-C56111345130}.Release|Any CPU.ActiveCfg = Release|Any CPU
		{5B605867-1E4F-4778-BF8E-C56111345130}.Release|Any CPU.Build.0 = Release|Any CPU
		{5B605867-1E4F-4778-BF8E-C56111345130}.Release|x64.ActiveCfg = Release|Any CPU
		{5B605867-1E4F-4778-BF8E-C56111345130}.Release|x64.Build.0 = Release|Any CPU
		{5B605867-1E4F-4778-BF8E-C56111345130}.Release|x86.ActiveCfg = Release|Any CPU
		{5B605867-1E4F-4778-BF8E-C56111345130}.Release|x86.Build.0 = Release|Any CPU
		{C9B9C233-DBBF-43E5-AB76-9A5C0C95301B}.Debug|Any CPU.ActiveCfg = Debug|Any CPU
		{C9B9C233-DBBF-43E5-AB76-9A5C0C95301B}.Debug|Any CPU.Build.0 = Debug|Any CPU
		{C9B9C233-DBBF-43E5-AB76-9A5C0C95301B}.Debug|x64.ActiveCfg = Debug|Any CPU
		{C9B9C233-DBBF-43E5-AB76-9A5C0C95301B}.Debug|x64.Build.0 = Debug|Any CPU
		{C9B9C233-DBBF-43E5-AB76-9A5C0C95301B}.Debug|x86.ActiveCfg = Debug|Any CPU
		{C9B9C233-DBBF-43E5-AB76-9A5C0C95301B}.Debug|x86.Build.0 = Debug|Any CPU
		{C9B9C233-DBBF-43E5-AB76-9A5C0C95301B}.Release|Any CPU.ActiveCfg = Release|Any CPU
		{C9B9C233-DBBF-43E5-AB76-9A5C0C95301B}.Release|Any CPU.Build.0 = Release|Any CPU
		{C9B9C233-DBBF-43E5-AB76-9A5C0C95301B}.Release|x64.ActiveCfg = Release|Any CPU
		{C9B9C233-DBBF-43E5-AB76-9A5C0C95301B}.Release|x64.Build.0 = Release|Any CPU
		{C9B9C233-DBBF-43E5-AB76-9A5C0C95301B}.Release|x86.ActiveCfg = Release|Any CPU
		{C9B9C233-DBBF-43E5-AB76-9A5C0C95301B}.Release|x86.Build.0 = Release|Any CPU
		{2F63714F-6AD5-46CD-B684-75A3B727ACD7}.Debug|Any CPU.ActiveCfg = Debug|Any CPU
		{2F63714F-6AD5-46CD-B684-75A3B727ACD7}.Debug|Any CPU.Build.0 = Debug|Any CPU
		{2F63714F-6AD5-46CD-B684-75A3B727ACD7}.Debug|x64.ActiveCfg = Debug|Any CPU
		{2F63714F-6AD5-46CD-B684-75A3B727ACD7}.Debug|x64.Build.0 = Debug|Any CPU
		{2F63714F-6AD5-46CD-B684-75A3B727ACD7}.Debug|x86.ActiveCfg = Debug|Any CPU
		{2F63714F-6AD5-46CD-B684-75A3B727ACD7}.Debug|x86.Build.0 = Debug|Any CPU
		{2F63714F-6AD5-46CD-B684-75A3B727ACD7}.Release|Any CPU.ActiveCfg = Release|Any CPU
		{2F63714F-6AD5-46CD-B684-75A3B727ACD7}.Release|Any CPU.Build.0 = Release|Any CPU
		{2F63714F-6AD5-46CD-B684-75A3B727ACD7}.Release|x64.ActiveCfg = Release|Any CPU
		{2F63714F-6AD5-46CD-B684-75A3B727ACD7}.Release|x64.Build.0 = Release|Any CPU
		{2F63714F-6AD5-46CD-B684-75A3B727ACD7}.Release|x86.ActiveCfg = Release|Any CPU
		{2F63714F-6AD5-46CD-B684-75A3B727ACD7}.Release|x86.Build.0 = Release|Any CPU
		{837A346D-5605-4D33-A219-4657720E24E5}.Debug|Any CPU.ActiveCfg = Debug|Any CPU
		{837A346D-5605-4D33-A219-4657720E24E5}.Debug|Any CPU.Build.0 = Debug|Any CPU
		{837A346D-5605-4D33-A219-4657720E24E5}.Debug|x64.ActiveCfg = Debug|Any CPU
		{837A346D-5605-4D33-A219-4657720E24E5}.Debug|x64.Build.0 = Debug|Any CPU
		{837A346D-5605-4D33-A219-4657720E24E5}.Debug|x86.ActiveCfg = Debug|Any CPU
		{837A346D-5605-4D33-A219-4657720E24E5}.Debug|x86.Build.0 = Debug|Any CPU
		{837A346D-5605-4D33-A219-4657720E24E5}.Release|Any CPU.ActiveCfg = Release|Any CPU
		{837A346D-5605-4D33-A219-4657720E24E5}.Release|Any CPU.Build.0 = Release|Any CPU
		{837A346D-5605-4D33-A219-4657720E24E5}.Release|x64.ActiveCfg = Release|Any CPU
		{837A346D-5605-4D33-A219-4657720E24E5}.Release|x64.Build.0 = Release|Any CPU
		{837A346D-5605-4D33-A219-4657720E24E5}.Release|x86.ActiveCfg = Release|Any CPU
		{837A346D-5605-4D33-A219-4657720E24E5}.Release|x86.Build.0 = Release|Any CPU
		{01DB1808-BD3C-41B4-B194-1DF6C73E7920}.Debug|Any CPU.ActiveCfg = Debug|Any CPU
		{01DB1808-BD3C-41B4-B194-1DF6C73E7920}.Debug|Any CPU.Build.0 = Debug|Any CPU
		{01DB1808-BD3C-41B4-B194-1DF6C73E7920}.Debug|x64.ActiveCfg = Debug|Any CPU
		{01DB1808-BD3C-41B4-B194-1DF6C73E7920}.Debug|x64.Build.0 = Debug|Any CPU
		{01DB1808-BD3C-41B4-B194-1DF6C73E7920}.Debug|x86.ActiveCfg = Debug|Any CPU
		{01DB1808-BD3C-41B4-B194-1DF6C73E7920}.Debug|x86.Build.0 = Debug|Any CPU
		{01DB1808-BD3C-41B4-B194-1DF6C73E7920}.Release|Any CPU.ActiveCfg = Release|Any CPU
		{01DB1808-BD3C-41B4-B194-1DF6C73E7920}.Release|Any CPU.Build.0 = Release|Any CPU
		{01DB1808-BD3C-41B4-B194-1DF6C73E7920}.Release|x64.ActiveCfg = Release|Any CPU
		{01DB1808-BD3C-41B4-B194-1DF6C73E7920}.Release|x64.Build.0 = Release|Any CPU
		{01DB1808-BD3C-41B4-B194-1DF6C73E7920}.Release|x86.ActiveCfg = Release|Any CPU
		{01DB1808-BD3C-41B4-B194-1DF6C73E7920}.Release|x86.Build.0 = Release|Any CPU
	EndGlobalSection
	GlobalSection(SolutionProperties) = preSolution
		HideSolutionNode = FALSE
	EndGlobalSection
	GlobalSection(NestedProjects) = preSolution
		{33786B3C-795F-428E-B456-3AF64DD73A0B} = {050B4EF0-8E06-435F-942D-C5D1C0E7CED0}
		{5FEF857D-922E-4077-A8D2-4B291F979348} = {33786B3C-795F-428E-B456-3AF64DD73A0B}
		{BA283855-EB60-4024-8AE1-8DE7783964BB} = {33786B3C-795F-428E-B456-3AF64DD73A0B}
		{986FE6A4-2BBB-4876-BF1B-CF8BE2314BA5} = {33786B3C-795F-428E-B456-3AF64DD73A0B}
		{5F02816A-8216-4FD6-84E2-EE718BF1D6E5} = {33786B3C-795F-428E-B456-3AF64DD73A0B}
		{9452D4FA-5B7C-472C-8C32-54FE2CE3C092} = {33786B3C-795F-428E-B456-3AF64DD73A0B}
		{02EA681E-C7D8-13C7-8484-4AC65E1B71E8} = {050B4EF0-8E06-435F-942D-C5D1C0E7CED0}
		{5B605867-1E4F-4778-BF8E-C56111345130} = {02EA681E-C7D8-13C7-8484-4AC65E1B71E8}
		{C9B9C233-DBBF-43E5-AB76-9A5C0C95301B} = {02EA681E-C7D8-13C7-8484-4AC65E1B71E8}
		{2F63714F-6AD5-46CD-B684-75A3B727ACD7} = {02EA681E-C7D8-13C7-8484-4AC65E1B71E8}
		{837A346D-5605-4D33-A219-4657720E24E5} = {02EA681E-C7D8-13C7-8484-4AC65E1B71E8}
		{01DB1808-BD3C-41B4-B194-1DF6C73E7920} = {02EA681E-C7D8-13C7-8484-4AC65E1B71E8}
	EndGlobalSection
	GlobalSection(ExtensibilityGlobals) = postSolution
		SolutionGuid = {BC556AF7-CD7C-4769-9EB1-E73C5500F351}
	EndGlobalSection
EndGlobal
